schema: '2.0'
stages:
  preprocess:
    cmd: uv run python -m src.data.run_preprocess
    deps:
    - path: config/params.yaml
      hash: md5
      md5: 2b0a3f8a6545346f3edbbd46b60bbff2
      size: 4133
    - path: config/paths.yaml
      hash: md5
      md5: 52d85e4f2f0f7796a8ec3e3cb49cd270
      size: 768
    - path: src/data
      hash: md5
      md5: 89ac9737b7ca3a3031a6a0992a62d653.dir
      size: 524496
      nfiles: 27
    - path: src/data/services
      hash: md5
      md5: 81c85387c7b0517921427903b8ef6281.dir
      size: 124184
      nfiles: 13
    outs:
    - path: data/preprocessed
      hash: md5
      md5: 59115bc158683aeb8b7ef75a8ff88e00.dir
      size: 40152025
      nfiles: 4
  train:
    cmd: uv run python -m src.train_model.run_train --model_name 
      bert-rakuten-final
    deps:
    - path: config/params.yaml
      hash: md5
      md5: 2b0a3f8a6545346f3edbbd46b60bbff2
      size: 4133
    - path: config/paths.yaml
      hash: md5
      md5: 52d85e4f2f0f7796a8ec3e3cb49cd270
      size: 768
    - path: data/preprocessed
      hash: md5
      md5: 59115bc158683aeb8b7ef75a8ff88e00.dir
      size: 40152025
      nfiles: 4
    - path: src/train_model
      hash: md5
      md5: 6f230d652f13cd728a10f51240f0a992.dir
      size: 536827
      nfiles: 15
    - path: src/train_model/services
      hash: md5
      md5: e75382604ed6459651420716cce0d0ae.dir
      size: 46244
      nfiles: 4
    outs:
    - path: models/bert-rakuten-final
      hash: md5
      md5: f5fca48c99c09294e5e40e97e2d2d6a4.dir
      size: 1553654935
      nfiles: 30
  evaluate:
    cmd: uv run python -m src.evaluate_model.run_evaluate --model_name 
      bert-rakuten-final
    deps:
    - path: config/params.yaml
      hash: md5
      md5: 2b0a3f8a6545346f3edbbd46b60bbff2
      size: 4133
    - path: config/paths.yaml
      hash: md5
      md5: 52d85e4f2f0f7796a8ec3e3cb49cd270
      size: 768
    - path: data/preprocessed
      hash: md5
      md5: 59115bc158683aeb8b7ef75a8ff88e00.dir
      size: 40152025
      nfiles: 4
    - path: models/bert-rakuten-final
      hash: md5
      md5: 72933993f78739380d0f9217bcce23ab.dir
      size: 53
      nfiles: 1
    - path: src/evaluate_model
      hash: md5
      md5: 7ca4a77b71f4d5dabca551db237cf16b.dir
      size: 70157
      nfiles: 12
    - path: src/evaluate_model/services
      hash: md5
      md5: 177c211a75fab3dca6490d5f20bdf048.dir
      size: 50771
      nfiles: 4
    outs:
    - path: metrics/metrics.json
      hash: md5
      md5: a176593524545f937bedd4e2eb18901f
      size: 122
